
Microsoft Visual Studio Solution File, Format Version 12.00
# Visual Studio Version 17
VisualStudioVersion = 17.0.32112.339
MinimumVisualStudioVersion = 10.0.40219.1
Project("{FAE04EC0-301F-11D3-BF4B-00C04F79EFBC}") = "AwesomeShop.Services.Products", "AwesomeShop.Services.Products\AwesomeShop.Services.Products.csproj", "{27F0DA08-4078-4717-A6B7-147EA4AC5901}"
EndProject
Global
	GlobalSection(SolutionConfigurationPlatforms) = preSolution
		Debug|Any CPU = Debug|Any CPU
		Release|Any CPU = Release|Any CPU
	EndGlobalSection
	GlobalSection(ProjectConfigurationPlatforms) = postSolution
		{27F0DA08-4078-4717-A6B7-147EA4AC5901}.Debug|Any CPU.ActiveCfg = Debug|Any CPU
		{27F0DA08-4078-4717-A6B7-147EA4AC5901}.Debug|Any CPU.Build.0 = Debug|Any CPU
		{27F0DA08-4078-4717-A6B7-147EA4AC5901}.Release|Any CPU.ActiveCfg = Release|Any CPU
		{27F0DA08-4078-4717-A6B7-147EA4AC5901}.Release|Any CPU.Build.0 = Release|Any CPU
	EndGlobalSection
	GlobalSection(SolutionProperties) = preSolution
		HideSolutionNode = FALSE
	EndGlobalSection
	GlobalSection(ExtensibilityGlobals) = postSolution
		SolutionGuid = {95F9F91D-6AB1-4430-A26E-F48FF1F3F989}
	EndGlobalSection
EndGlobal
